
Microsoft Visual Studio Solution File, Format Version 12.00
# Visual Studio 15
VisualStudioVersion = 15.0.28307.168
MinimumVisualStudioVersion = 10.0.40219.1
Project("{9A19103F-16F7-4668-BE54-9A1E7A4F7556}") = "TodoApi", "ToDoApi\TodoApi.csproj", "{C30CF431-C081-4A04-833B-82D7A12AA17D}"
EndProject
Project("{9A19103F-16F7-4668-BE54-9A1E7A4F7556}") = "FizzBuzzApi", "FizzBuzzApi\FizzBuzzApi.csproj", "{1C1B6E00-87D3-49E4-AB62-891DEF3F150C}"
	ProjectSection(ProjectDependencies) = postProject
		{C30CF431-C081-4A04-833B-82D7A12AA17D} = {C30CF431-C081-4A04-833B-82D7A12AA17D}
	EndProjectSection
EndProject
Global
	GlobalSection(SolutionConfigurationPlatforms) = preSolution
		Debug|Any CPU = Debug|Any CPU
		Release|Any CPU = Release|Any CPU
	EndGlobalSection
	GlobalSection(ProjectConfigurationPlatforms) = postSolution
		{C30CF431-C081-4A04-833B-82D7A12AA17D}.Debug|Any CPU.ActiveCfg = Debug|Any CPU
		{C30CF431-C081-4A04-833B-82D7A12AA17D}.Debug|Any CPU.Build.0 = Debug|Any CPU
		{C30CF431-C081-4A04-833B-82D7A12AA17D}.Release|Any CPU.ActiveCfg = Release|Any CPU
		{C30CF431-C081-4A04-833B-82D7A12AA17D}.Release|Any CPU.Build.0 = Release|Any CPU
		{1C1B6E00-87D3-49E4-AB62-891DEF3F150C}.Debug|Any CPU.ActiveCfg = Debug|Any CPU
		{1C1B6E00-87D3-49E4-AB62-891DEF3F150C}.Debug|Any CPU.Build.0 = Debug|Any CPU
		{1C1B6E00-87D3-49E4-AB62-891DEF3F150C}.Release|Any CPU.ActiveCfg = Release|Any CPU
		{1C1B6E00-87D3-49E4-AB62-891DEF3F150C}.Release|Any CPU.Build.0 = Release|Any CPU
	EndGlobalSection
	GlobalSection(SolutionProperties) = preSolution
		HideSolutionNode = FALSE
	EndGlobalSection
	GlobalSection(ExtensibilityGlobals) = postSolution
		SolutionGuid = {AB09B3A6-0659-418A-9F55-DB4E9F0D3FC6}
	EndGlobalSection
EndGlobal
